
Microsoft Visual Studio Solution File, Format Version 12.00
# Visual Studio 14
VisualStudioVersion = 14.0.25123.0
MinimumVisualStudioVersion = 10.0.40219.1
Project("{FAE04EC0-301F-11D3-BF4B-00C04F79EFBC}") = "PnPTemplateManager.Web", "PnPTemplateManager.Web\PnPTemplateManager.Web.csproj", "{1C6260F3-03BA-4186-938B-3C4943293C6B}"
EndProject
Project("{FAE04EC0-301F-11D3-BF4B-00C04F79EFBC}") = "PnPTemplateManager.BLL", "PnPTemplateManager.BLL\PnPTemplateManager.BLL.csproj", "{83C679AA-23B5-4B1D-889A-1969FF70D201}"
EndProject
Project("{FAE04EC0-301F-11D3-BF4B-00C04F79EFBC}") = "ShareProv", "ShareProv\ShareProv.csproj", "{E6DCFCAF-6CE3-4D98-87E8-2A0A6A57749B}"
EndProject
Global
	GlobalSection(SolutionConfigurationPlatforms) = preSolution
		Debug 2016 onprem|Any CPU = Debug 2016 onprem|Any CPU
		Debug azure|Any CPU = Debug azure|Any CPU
		Debug onprem|Any CPU = Debug onprem|Any CPU
		Debug|Any CPU = Debug|Any CPU
		Release 2016 onprem|Any CPU = Release 2016 onprem|Any CPU
		Release azure|Any CPU = Release azure|Any CPU
		Release onprem|Any CPU = Release onprem|Any CPU
		Release|Any CPU = Release|Any CPU
		TEST|Any CPU = TEST|Any CPU
	EndGlobalSection
	GlobalSection(ProjectConfigurationPlatforms) = postSolution
		{1C6260F3-03BA-4186-938B-3C4943293C6B}.Debug 2016 onprem|Any CPU.ActiveCfg = Debug|Any CPU
		{1C6260F3-03BA-4186-938B-3C4943293C6B}.Debug 2016 onprem|Any CPU.Build.0 = Debug|Any CPU
		{1C6260F3-03BA-4186-938B-3C4943293C6B}.Debug azure|Any CPU.ActiveCfg = Debug|Any CPU
		{1C6260F3-03BA-4186-938B-3C4943293C6B}.Debug azure|Any CPU.Build.0 = Debug|Any CPU
		{1C6260F3-03BA-4186-938B-3C4943293C6B}.Debug onprem|Any CPU.ActiveCfg = Debug|Any CPU
		{1C6260F3-03BA-4186-938B-3C4943293C6B}.Debug onprem|Any CPU.Build.0 = Debug|Any CPU
		{1C6260F3-03BA-4186-938B-3C4943293C6B}.Debug|Any CPU.ActiveCfg = Debug|Any CPU
		{1C6260F3-03BA-4186-938B-3C4943293C6B}.Debug|Any CPU.Build.0 = Debug|Any CPU
		{1C6260F3-03BA-4186-938B-3C4943293C6B}.Release 2016 onprem|Any CPU.ActiveCfg = Release|Any CPU
		{1C6260F3-03BA-4186-938B-3C4943293C6B}.Release 2016 onprem|Any CPU.Build.0 = Release|Any CPU
		{1C6260F3-03BA-4186-938B-3C4943293C6B}.Release azure|Any CPU.ActiveCfg = Release|Any CPU
		{1C6260F3-03BA-4186-938B-3C4943293C6B}.Release azure|Any CPU.Build.0 = Release|Any CPU
		{1C6260F3-03BA-4186-938B-3C4943293C6B}.Release onprem|Any CPU.ActiveCfg = Release|Any CPU
		{1C6260F3-03BA-4186-938B-3C4943293C6B}.Release onprem|Any CPU.Build.0 = Release|Any CPU
		{1C6260F3-03BA-4186-938B-3C4943293C6B}.Release|Any CPU.ActiveCfg = Release|Any CPU
		{1C6260F3-03BA-4186-938B-3C4943293C6B}.Release|Any CPU.Build.0 = Release|Any CPU
		{1C6260F3-03BA-4186-938B-3C4943293C6B}.TEST|Any CPU.ActiveCfg = TEST|Any CPU
		{1C6260F3-03BA-4186-938B-3C4943293C6B}.TEST|Any CPU.Build.0 = TEST|Any CPU
		{83C679AA-23B5-4B1D-889A-1969FF70D201}.Debug 2016 onprem|Any CPU.ActiveCfg = Debug|Any CPU
		{83C679AA-23B5-4B1D-889A-1969FF70D201}.Debug 2016 onprem|Any CPU.Build.0 = Debug|Any CPU
		{83C679AA-23B5-4B1D-889A-1969FF70D201}.Debug azure|Any CPU.ActiveCfg = Debug|Any CPU
		{83C679AA-23B5-4B1D-889A-1969FF70D201}.Debug azure|Any CPU.Build.0 = Debug|Any CPU
		{83C679AA-23B5-4B1D-889A-1969FF70D201}.Debug onprem|Any CPU.ActiveCfg = Debug|Any CPU
		{83C679AA-23B5-4B1D-889A-1969FF70D201}.Debug onprem|Any CPU.Build.0 = Debug|Any CPU
		{83C679AA-23B5-4B1D-889A-1969FF70D201}.Debug|Any CPU.ActiveCfg = Debug|Any CPU
		{83C679AA-23B5-4B1D-889A-1969FF70D201}.Debug|Any CPU.Build.0 = Debug|Any CPU
		{83C679AA-23B5-4B1D-889A-1969FF70D201}.Release 2016 onprem|Any CPU.ActiveCfg = Release|Any CPU
		{83C679AA-23B5-4B1D-889A-1969FF70D201}.Release 2016 onprem|Any CPU.Build.0 = Release|Any CPU
		{83C679AA-23B5-4B1D-889A-1969FF70D201}.Release azure|Any CPU.ActiveCfg = Release|Any CPU
		{83C679AA-23B5-4B1D-889A-1969FF70D201}.Release azure|Any CPU.Build.0 = Release|Any CPU
		{83C679AA-23B5-4B1D-889A-1969FF70D201}.Release onprem|Any CPU.ActiveCfg = Release|Any CPU
		{83C679AA-23B5-4B1D-889A-1969FF70D201}.Release onprem|Any CPU.Build.0 = Release|Any CPU
		{83C679AA-23B5-4B1D-889A-1969FF70D201}.Release|Any CPU.ActiveCfg = Release|Any CPU
		{83C679AA-23B5-4B1D-889A-1969FF70D201}.Release|Any CPU.Build.0 = Release|Any CPU
		{83C679AA-23B5-4B1D-889A-1969FF70D201}.TEST|Any CPU.ActiveCfg = Release|Any CPU
		{83C679AA-23B5-4B1D-889A-1969FF70D201}.TEST|Any CPU.Build.0 = Release|Any CPU
		{E6DCFCAF-6CE3-4D98-87E8-2A0A6A57749B}.Debug 2016 onprem|Any CPU.ActiveCfg = Debug|Any CPU
		{E6DCFCAF-6CE3-4D98-87E8-2A0A6A57749B}.Debug 2016 onprem|Any CPU.Build.0 = Debug|Any CPU
		{E6DCFCAF-6CE3-4D98-87E8-2A0A6A57749B}.Debug azure|Any CPU.ActiveCfg = Debug|Any CPU
		{E6DCFCAF-6CE3-4D98-87E8-2A0A6A57749B}.Debug azure|Any CPU.Build.0 = Debug|Any CPU
		{E6DCFCAF-6CE3-4D98-87E8-2A0A6A57749B}.Debug onprem|Any CPU.ActiveCfg = Debug|Any CPU
		{E6DCFCAF-6CE3-4D98-87E8-2A0A6A57749B}.Debug onprem|Any CPU.Build.0 = Debug|Any CPU
		{E6DCFCAF-6CE3-4D98-87E8-2A0A6A57749B}.Debug|Any CPU.ActiveCfg = Debug|Any CPU
		{E6DCFCAF-6CE3-4D98-87E8-2A0A6A57749B}.Debug|Any CPU.Build.0 = Debug|Any CPU
		{E6DCFCAF-6CE3-4D98-87E8-2A0A6A57749B}.Release 2016 onprem|Any CPU.ActiveCfg = Release|Any CPU
		{E6DCFCAF-6CE3-4D98-87E8-2A0A6A57749B}.Release 2016 onprem|Any CPU.Build.0 = Release|Any CPU
		{E6DCFCAF-6CE3-4D98-87E8-2A0A6A57749B}.Release azure|Any CPU.ActiveCfg = Release|Any CPU
		{E6DCFCAF-6CE3-4D98-87E8-2A0A6A57749B}.Release azure|Any CPU.Build.0 = Release|Any CPU
		{E6DCFCAF-6CE3-4D98-87E8-2A0A6A57749B}.Release onprem|Any CPU.ActiveCfg = Release|Any CPU
		{E6DCFCAF-6CE3-4D98-87E8-2A0A6A57749B}.Release onprem|Any CPU.Build.0 = Release|Any CPU
		{E6DCFCAF-6CE3-4D98-87E8-2A0A6A57749B}.Release|Any CPU.ActiveCfg = Release|Any CPU
		{E6DCFCAF-6CE3-4D98-87E8-2A0A6A57749B}.Release|Any CPU.Build.0 = Release|Any CPU
		{E6DCFCAF-6CE3-4D98-87E8-2A0A6A57749B}.TEST|Any CPU.ActiveCfg = Release|Any CPU
		{E6DCFCAF-6CE3-4D98-87E8-2A0A6A57749B}.TEST|Any CPU.Build.0 = Release|Any CPU
	EndGlobalSection
	GlobalSection(SolutionProperties) = preSolution
		HideSolutionNode = FALSE
	EndGlobalSection
EndGlobal
